
Microsoft Visual Studio Solution File, Format Version 12.00
# Visual Studio 15
VisualStudioVersion = 15.0.28307.136
MinimumVisualStudioVersion = 10.0.40219.1
Project("{FAE04EC0-301F-11D3-BF4B-00C04F79EFBC}") = "01_HelloWPF", "01_HelloWPF\01_HelloWPF.csproj", "{EBAC947E-8E51-46E8-87AF-45D09DD9238D}"
EndProject
Global
	GlobalSection(SolutionConfigurationPlatforms) = preSolution
		Debug|Any CPU = Debug|Any CPU
		Release|Any CPU = Release|Any CPU
	EndGlobalSection
	GlobalSection(ProjectConfigurationPlatforms) = postSolution
		{EBAC947E-8E51-46E8-87AF-45D09DD9238D}.Debug|Any CPU.ActiveCfg = Debug|Any CPU
		{EBAC947E-8E51-46E8-87AF-45D09DD9238D}.Debug|Any CPU.Build.0 = Debug|Any CPU
		{EBAC947E-8E51-46E8-87AF-45D09DD9238D}.Release|Any CPU.ActiveCfg = Release|Any CPU
		{EBAC947E-8E51-46E8-87AF-45D09DD9238D}.Release|Any CPU.Build.0 = Release|Any CPU
	EndGlobalSection
	GlobalSection(SolutionProperties) = preSolution
		HideSolutionNode = FALSE
	EndGlobalSection
	GlobalSection(ExtensibilityGlobals) = postSolution
		SolutionGuid = {5E72CB53-96BF-4485-B79D-D74BCC8E9643}
	EndGlobalSection
EndGlobal
