
Microsoft Visual Studio Solution File, Format Version 12.00
# Visual Studio 15
VisualStudioVersion = 15.0.28307.136
MinimumVisualStudioVersion = 10.0.40219.1
Project("{FAE04EC0-301F-11D3-BF4B-00C04F79EFBC}") = "03_StackPanel", "03_StackPanel\03_StackPanel.csproj", "{1AE0C221-F3F3-4199-B592-18424F1F1083}"
EndProject
Global
	GlobalSection(SolutionConfigurationPlatforms) = preSolution
		Debug|Any CPU = Debug|Any CPU
		Release|Any CPU = Release|Any CPU
	EndGlobalSection
	GlobalSection(ProjectConfigurationPlatforms) = postSolution
		{1AE0C221-F3F3-4199-B592-18424F1F1083}.Debug|Any CPU.ActiveCfg = Debug|Any CPU
		{1AE0C221-F3F3-4199-B592-18424F1F1083}.Debug|Any CPU.Build.0 = Debug|Any CPU
		{1AE0C221-F3F3-4199-B592-18424F1F1083}.Release|Any CPU.ActiveCfg = Release|Any CPU
		{1AE0C221-F3F3-4199-B592-18424F1F1083}.Release|Any CPU.Build.0 = Release|Any CPU
	EndGlobalSection
	GlobalSection(SolutionProperties) = preSolution
		HideSolutionNode = FALSE
	EndGlobalSection
	GlobalSection(ExtensibilityGlobals) = postSolution
		SolutionGuid = {89E841E2-F32E-4B21-82AB-E53887EC3A9E}
	EndGlobalSection
EndGlobal
